
Microsoft Visual Studio Solution File, Format Version 12.00
# Visual Studio Version 17
VisualStudioVersion = 17.4.33403.182
MinimumVisualStudioVersion = 10.0.40219.1
Project("{FAE04EC0-301F-11D3-BF4B-00C04F79EFBC}") = "Applicationcsharp", "Applicationcsharp\Applicationcsharp.csproj", "{87E20085-6C3F-43D7-A165-C40DA5554671}"
EndProject
Global
	GlobalSection(SolutionConfigurationPlatforms) = preSolution
		Debug|Any CPU = Debug|Any CPU
		Release|Any CPU = Release|Any CPU
	EndGlobalSection
	GlobalSection(ProjectConfigurationPlatforms) = postSolution
		{87E20085-6C3F-43D7-A165-C40DA5554671}.Debug|Any CPU.ActiveCfg = Debug|Any CPU
		{87E20085-6C3F-43D7-A165-C40DA5554671}.Debug|Any CPU.Build.0 = Debug|Any CPU
		{87E20085-6C3F-43D7-A165-C40DA5554671}.Release|Any CPU.ActiveCfg = Release|Any CPU
		{87E20085-6C3F-43D7-A165-C40DA5554671}.Release|Any CPU.Build.0 = Release|Any CPU
	EndGlobalSection
	GlobalSection(SolutionProperties) = preSolution
		HideSolutionNode = FALSE
	EndGlobalSection
	GlobalSection(ExtensibilityGlobals) = postSolution
		SolutionGuid = {811110A4-EAE3-485A-95A6-C51F6C1E75C4}
	EndGlobalSection
EndGlobal
